
Microsoft Visual Studio Solution File, Format Version 12.00
# Visual Studio Version 17
VisualStudioVersion = 17.0.31903.59
MinimumVisualStudioVersion = 10.0.40219.1
Project("{FAE04EC0-301F-11D3-BF4B-00C04F79EFBC}") = "Calculator", "Calculator\Calculator.csproj", "{72617103-168F-4064-8988-FF7BBC591127}"
EndProject
Project("{FAE04EC0-301F-11D3-BF4B-00C04F79EFBC}") = "CalculatorTest", "CalculatorTest\CalculatorTest.csproj", "{841565FC-4F6F-417F-A519-DEE14F46E9FD}"
EndProject
Global
	GlobalSection(SolutionConfigurationPlatforms) = preSolution
		Debug|Any CPU = Debug|Any CPU
		Release|Any CPU = Release|Any CPU
	EndGlobalSection
	GlobalSection(SolutionProperties) = preSolution
		HideSolutionNode = FALSE
	EndGlobalSection
	GlobalSection(ProjectConfigurationPlatforms) = postSolution
		{72617103-168F-4064-8988-FF7BBC591127}.Debug|Any CPU.ActiveCfg = Debug|Any CPU
		{72617103-168F-4064-8988-FF7BBC591127}.Debug|Any CPU.Build.0 = Debug|Any CPU
		{72617103-168F-4064-8988-FF7BBC591127}.Release|Any CPU.ActiveCfg = Release|Any CPU
		{72617103-168F-4064-8988-FF7BBC591127}.Release|Any CPU.Build.0 = Release|Any CPU
		{841565FC-4F6F-417F-A519-DEE14F46E9FD}.Debug|Any CPU.ActiveCfg = Debug|Any CPU
		{841565FC-4F6F-417F-A519-DEE14F46E9FD}.Debug|Any CPU.Build.0 = Debug|Any CPU
		{841565FC-4F6F-417F-A519-DEE14F46E9FD}.Release|Any CPU.ActiveCfg = Release|Any CPU
		{841565FC-4F6F-417F-A519-DEE14F46E9FD}.Release|Any CPU.Build.0 = Release|Any CPU
	EndGlobalSection
EndGlobal
